
Microsoft Visual Studio Solution File, Format Version 12.00
# Visual Studio Version 17
VisualStudioVersion = 17.6.33723.286
MinimumVisualStudioVersion = 10.0.40219.1
Project("{FAE04EC0-301F-11D3-BF4B-00C04F79EFBC}") = "AllASXIndices-Extract", "AllASXIndices-Extract.csproj", "{03100AE5-E270-4E8D-83DC-B4AAECD2D25D}"
EndProject
Global
	GlobalSection(SolutionConfigurationPlatforms) = preSolution
		Debug|Any CPU = Debug|Any CPU
		Release|Any CPU = Release|Any CPU
	EndGlobalSection
	GlobalSection(ProjectConfigurationPlatforms) = postSolution
		{03100AE5-E270-4E8D-83DC-B4AAECD2D25D}.Debug|Any CPU.ActiveCfg = Debug|Any CPU
		{03100AE5-E270-4E8D-83DC-B4AAECD2D25D}.Debug|Any CPU.Build.0 = Debug|Any CPU
		{03100AE5-E270-4E8D-83DC-B4AAECD2D25D}.Release|Any CPU.ActiveCfg = Release|Any CPU
		{03100AE5-E270-4E8D-83DC-B4AAECD2D25D}.Release|Any CPU.Build.0 = Release|Any CPU
	EndGlobalSection
	GlobalSection(SolutionProperties) = preSolution
		HideSolutionNode = FALSE
	EndGlobalSection
	GlobalSection(ExtensibilityGlobals) = postSolution
		SolutionGuid = {EEC123F7-2E82-4BAC-9648-AC49E10041CC}
	EndGlobalSection
EndGlobal
